
Microsoft Visual Studio Solution File, Format Version 12.00
# Visual Studio Version 17
VisualStudioVersion = 17.7.34221.43
MinimumVisualStudioVersion = 10.0.40219.1
Project("{FAE04EC0-301F-11D3-BF4B-00C04F79EFBC}") = "ByteAntTest", "ByteAntTest\ByteAntTest.csproj", "{5348701F-1F90-4C72-8E45-54E4BC671524}"
EndProject
Global
	GlobalSection(SolutionConfigurationPlatforms) = preSolution
		Debug|Any CPU = Debug|Any CPU
		Release|Any CPU = Release|Any CPU
	EndGlobalSection
	GlobalSection(ProjectConfigurationPlatforms) = postSolution
		{5348701F-1F90-4C72-8E45-54E4BC671524}.Debug|Any CPU.ActiveCfg = Debug|Any CPU
		{5348701F-1F90-4C72-8E45-54E4BC671524}.Debug|Any CPU.Build.0 = Debug|Any CPU
		{5348701F-1F90-4C72-8E45-54E4BC671524}.Release|Any CPU.ActiveCfg = Release|Any CPU
		{5348701F-1F90-4C72-8E45-54E4BC671524}.Release|Any CPU.Build.0 = Release|Any CPU
	EndGlobalSection
	GlobalSection(SolutionProperties) = preSolution
		HideSolutionNode = FALSE
	EndGlobalSection
	GlobalSection(ExtensibilityGlobals) = postSolution
		SolutionGuid = {CE842331-F714-4190-980A-724AD2F80764}
	EndGlobalSection
EndGlobal
